{
  "pins" : [
    {
      "identity" : "appsflyerframework",
      "kind" : "remoteSourceControl",
      "location" : "https://github.com/AppsFlyerSDK/AppsFlyerFramework",
      "state" : {
        "revision" : "a8e607ae6fc19b1e26f440cadf0dac28fd4c81ac",
        "version" : "6.12.0"
      }
    },
    {
      "identity" : "facebook-ios-sdk",
      "kind" : "remoteSourceControl",
      "location" : "https://github.com/facebook/facebook-ios-sdk",
      "state" : {
        "revision" : "c19607d535864533523d1f437c84035e5fb101cf",
        "version" : "14.1.0"
      }
    },
    {
      "identity" : "keychainaccess",
      "kind" : "remoteSourceControl",
      "location" : "https://github.com/kishikawakatsumi/KeychainAccess",
      "state" : {
        "branch" : "master",
        "revision" : "ecb18d8ce4d88277cc4fb103973352d91e18c535"
      }
    },
    {
      "identity" : "openai",
      "kind" : "remoteSourceControl",
      "location" : "https://github.com/MacPaw/OpenAI",
      "state" : {
        "revision" : "b1161597810167a035ae403c81ac6f1a542e41f9",
        "version" : "0.2.2"
      }
    },
    {
      "identity" : "swiftbackports",
      "kind" : "remoteSourceControl",
      "location" : "https://github.com/shaps80/SwiftBackports",
      "state" : {
        "revision" : "ddca6a237c1ba2291d5a3cc47ec8480ce6e9f805",
        "version" : "1.0.3"
      }
    },
    {
      "identity" : "swiftuibackports",
      "kind" : "remoteSourceControl",
      "location" : "https://github.com/shaps80/SwiftUIBackports",
      "state" : {
        "revision" : "3042f0cf4b9f0d5b0bb08ad17f742a43bc4fdfc5",
        "version" : "2.8.0"
      }
    },
    {
      "identity" : "vidloader",
      "kind" : "remoteSourceControl",
      "location" : "https://github.com/Cyklet/VidLoader.git",
      "state" : {
        "revision" : "80591c9568baf1d80f84b39d47f9980267bed5c5",
        "version" : "1.2.0"
      }
    }
  ],
  "version" : 2
}
